// !$*UTF8*$!
{
	archiveVersion = 1;
	classes = {
	};
	objectVersion = 46;
	objects = {

/* Begin PBXBuildFile section */
		180120F71BCE303E001069CC /* SCPageViewController.m in Sources */ = {isa = PBXBuildFile; fileRef = 180120EE1BCE3001001069CC /* SCPageViewController.m */; };
		180120F81BCE3041001069CC /* SCPageViewControllerView.m in Sources */ = {isa = PBXBuildFile; fileRef = 180120F01BCE3001001069CC /* SCPageViewControllerView.m */; };
		180120F91BCE3042001069CC /* SCPageViewControllerView.m in Sources */ = {isa = PBXBuildFile; fileRef = 180120F01BCE3001001069CC /* SCPageViewControllerView.m */; };
		180120FA1BCE3045001069CC /* SCPageViewController.m in Sources */ = {isa = PBXBuildFile; fileRef = 180120EE1BCE3001001069CC /* SCPageViewController.m */; };
		180120FB1BCE304E001069CC /* SCCardsPageLayouter.m in Sources */ = {isa = PBXBuildFile; fileRef = 180120E51BCE3001001069CC /* SCCardsPageLayouter.m */; };
		180120FC1BCE304E001069CC /* SCPageLayouter.m in Sources */ = {isa = PBXBuildFile; fileRef = 180120E71BCE3001001069CC /* SCPageLayouter.m */; };
		180120FD1BCE304E001069CC /* SCParallaxPageLayouter.m in Sources */ = {isa = PBXBuildFile; fileRef = 180120EA1BCE3001001069CC /* SCParallaxPageLayouter.m */; };
		180120FE1BCE304E001069CC /* SCSlidingPageLayouter.m in Sources */ = {isa = PBXBuildFile; fileRef = 180120EC1BCE3001001069CC /* SCSlidingPageLayouter.m */; };
		180120FF1BCE304F001069CC /* SCCardsPageLayouter.m in Sources */ = {isa = PBXBuildFile; fileRef = 180120E51BCE3001001069CC /* SCCardsPageLayouter.m */; };
		180121001BCE304F001069CC /* SCPageLayouter.m in Sources */ = {isa = PBXBuildFile; fileRef = 180120E71BCE3001001069CC /* SCPageLayouter.m */; };
		180121011BCE304F001069CC /* SCParallaxPageLayouter.m in Sources */ = {isa = PBXBuildFile; fileRef = 180120EA1BCE3001001069CC /* SCParallaxPageLayouter.m */; };
		180121021BCE304F001069CC /* SCSlidingPageLayouter.m in Sources */ = {isa = PBXBuildFile; fileRef = 180120EC1BCE3001001069CC /* SCSlidingPageLayouter.m */; };
		181957BC1B3743B600474C45 /* SCPageLayouterTests.m in Sources */ = {isa = PBXBuildFile; fileRef = 181957B81B3743B600474C45 /* SCPageLayouterTests.m */; };
		181957BD1B3743B600474C45 /* SCPageViewControllerTests.m in Sources */ = {isa = PBXBuildFile; fileRef = 181957B91B3743B600474C45 /* SCPageViewControllerTests.m */; };
		181FFE941C14474500DA2369 /* MainViewController.swift in Sources */ = {isa = PBXBuildFile; fileRef = 181FFE921C14474500DA2369 /* MainViewController.swift */; };
		181FFE951C14474500DA2369 /* MainViewController.xib in Resources */ = {isa = PBXBuildFile; fileRef = 181FFE931C14474500DA2369 /* MainViewController.xib */; };
		18623FFE18B0063D00FFE998 /* colorful_umbrellas.jpg in Resources */ = {isa = PBXBuildFile; fileRef = 18623FFD18B0063D00FFE998 /* colorful_umbrellas.jpg */; };
		187E412718A968E0003D8C70 /* Foundation.framework in Frameworks */ = {isa = PBXBuildFile; fileRef = 187E412618A968E0003D8C70 /* Foundation.framework */; };
		187E412918A968E0003D8C70 /* CoreGraphics.framework in Frameworks */ = {isa = PBXBuildFile; fileRef = 187E412818A968E0003D8C70 /* CoreGraphics.framework */; };
		187E412B18A968E0003D8C70 /* UIKit.framework in Frameworks */ = {isa = PBXBuildFile; fileRef = 187E412A18A968E0003D8C70 /* UIKit.framework */; };
		187E413318A968E0003D8C70 /* main.m in Sources */ = {isa = PBXBuildFile; fileRef = 187E413218A968E0003D8C70 /* main.m */; };
		187E413718A968E0003D8C70 /* SCAppDelegate.m in Sources */ = {isa = PBXBuildFile; fileRef = 187E413618A968E0003D8C70 /* SCAppDelegate.m */; };
		187E41C618A96A4E003D8C70 /* UIColor+RandomColors.m in Sources */ = {isa = PBXBuildFile; fileRef = 187E41BB18A96A4E003D8C70 /* UIColor+RandomColors.m */; };
		187E41C718A96A4E003D8C70 /* UIView+Shadows.m in Sources */ = {isa = PBXBuildFile; fileRef = 187E41BD18A96A4E003D8C70 /* UIView+Shadows.m */; };
		187E41C818A96A4E003D8C70 /* SCMainViewController.m in Sources */ = {isa = PBXBuildFile; fileRef = 187E41BF18A96A4E003D8C70 /* SCMainViewController.m */; };
		187E41C918A96A4E003D8C70 /* SCMainViewController.xib in Resources */ = {isa = PBXBuildFile; fileRef = 187E41C018A96A4E003D8C70 /* SCMainViewController.xib */; };
		187E41CC18A96A4E003D8C70 /* SCRootViewController.m in Sources */ = {isa = PBXBuildFile; fileRef = 187E41C518A96A4E003D8C70 /* SCRootViewController.m */; };
		187E41CE18A96D2B003D8C70 /* SCRootViewController.xib in Resources */ = {isa = PBXBuildFile; fileRef = 187E41CD18A96D2B003D8C70 /* SCRootViewController.xib */; };
		18AB9F071BCE2C460049BF9F /* AppDelegate.swift in Sources */ = {isa = PBXBuildFile; fileRef = 18AB9F061BCE2C460049BF9F /* AppDelegate.swift */; };
		18AB9F1A1BCE2CFA0049BF9F /* LaunchScreen.storyboard in Resources */ = {isa = PBXBuildFile; fileRef = 18AB9F181BCE2CFA0049BF9F /* LaunchScreen.storyboard */; };
		18E1DC371B39409F00361240 /* Launch Screen.xib in Resources */ = {isa = PBXBuildFile; fileRef = 18E1DC361B39409F00361240 /* Launch Screen.xib */; };
		18FA31941BCE318800134E86 /* SCCardsPageLayouter.m in Sources */ = {isa = PBXBuildFile; fileRef = 180120E51BCE3001001069CC /* SCCardsPageLayouter.m */; };
		18FA31951BCE318800134E86 /* SCPageLayouter.m in Sources */ = {isa = PBXBuildFile; fileRef = 180120E71BCE3001001069CC /* SCPageLayouter.m */; };
		18FA31961BCE318800134E86 /* SCParallaxPageLayouter.m in Sources */ = {isa = PBXBuildFile; fileRef = 180120EA1BCE3001001069CC /* SCParallaxPageLayouter.m */; };
		18FA31971BCE318800134E86 /* SCSlidingPageLayouter.m in Sources */ = {isa = PBXBuildFile; fileRef = 180120EC1BCE3001001069CC /* SCSlidingPageLayouter.m */; };
		18FA31981BCE318800134E86 /* SCPageViewController.m in Sources */ = {isa = PBXBuildFile; fileRef = 180120EE1BCE3001001069CC /* SCPageViewController.m */; };
		18FA31991BCE318800134E86 /* SCPageViewControllerView.m in Sources */ = {isa = PBXBuildFile; fileRef = 180120F01BCE3001001069CC /* SCPageViewControllerView.m */; };
		18FA319B1BCE34C500134E86 /* RootViewController.swift in Sources */ = {isa = PBXBuildFile; fileRef = 18FA319A1BCE34C500134E86 /* RootViewController.swift */; };
		4DA3E93AA33E789F6522B06D /* libPods-Tests.a in Frameworks */ = {isa = PBXBuildFile; fileRef = 5665E239FB8E5066CF4D7ADA /* libPods-Tests.a */; };
		848CBCAEC9D6E2E9BEBF8766 /* libPods-ObjCDemo.a in Frameworks */ = {isa = PBXBuildFile; fileRef = 91696FFA725B1AFF96353D9A /* libPods-ObjCDemo.a */; };
		A66C3BD8B4B3A8C21A75CE61 /* libPods-SwiftDemo.a in Frameworks */ = {isa = PBXBuildFile; fileRef = C9CAE5D0D4CFCB88876D3233 /* libPods-SwiftDemo.a */; };
/* End PBXBuildFile section */

/* Begin PBXContainerItemProxy section */
		181957AB1B37432800474C45 /* PBXContainerItemProxy */ = {
			isa = PBXContainerItemProxy;
			containerPortal = 187E411B18A968E0003D8C70 /* Project object */;
			proxyType = 1;
			remoteGlobalIDString = 187E412218A968E0003D8C70;
			remoteInfo = SCPageViewController;
		};
/* End PBXContainerItemProxy section */

/* Begin PBXFileReference section */
		09819ACCCE4DE4FCEDC4C587 /* Pods-SwiftDemo.release.xcconfig */ = {isa = PBXFileReference; includeInIndex = 1; lastKnownFileType = text.xcconfig; name = "Pods-SwiftDemo.release.xcconfig"; path = "Pods/Target Support Files/Pods-SwiftDemo/Pods-SwiftDemo.release.xcconfig"; sourceTree = "<group>"; };
		178E2EF528419ADD8E0C7C0F /* Pods-SwiftDemo.debug.xcconfig */ = {isa = PBXFileReference; includeInIndex = 1; lastKnownFileType = text.xcconfig; name = "Pods-SwiftDemo.debug.xcconfig"; path = "Pods/Target Support Files/Pods-SwiftDemo/Pods-SwiftDemo.debug.xcconfig"; sourceTree = "<group>"; };
		180120E41BCE3001001069CC /* SCCardsPageLayouter.h */ = {isa = PBXFileReference; fileEncoding = 4; lastKnownFileType = sourcecode.c.h; path = SCCardsPageLayouter.h; sourceTree = "<group>"; };
		180120E51BCE3001001069CC /* SCCardsPageLayouter.m */ = {isa = PBXFileReference; fileEncoding = 4; lastKnownFileType = sourcecode.c.objc; path = SCCardsPageLayouter.m; sourceTree = "<group>"; };
		180120E61BCE3001001069CC /* SCPageLayouter.h */ = {isa = PBXFileReference; fileEncoding = 4; lastKnownFileType = sourcecode.c.h; path = SCPageLayouter.h; sourceTree = "<group>"; };
		180120E71BCE3001001069CC /* SCPageLayouter.m */ = {isa = PBXFileReference; fileEncoding = 4; lastKnownFileType = sourcecode.c.objc; path = SCPageLayouter.m; sourceTree = "<group>"; };
		180120E81BCE3001001069CC /* SCPageLayouterProtocol.h */ = {isa = PBXFileReference; fileEncoding = 4; lastKnownFileType = sourcecode.c.h; path = SCPageLayouterProtocol.h; sourceTree = "<group>"; };
		180120E91BCE3001001069CC /* SCParallaxPageLayouter.h */ = {isa = PBXFileReference; fileEncoding = 4; lastKnownFileType = sourcecode.c.h; path = SCParallaxPageLayouter.h; sourceTree = "<group>"; };
		180120EA1BCE3001001069CC /* SCParallaxPageLayouter.m */ = {isa = PBXFileReference; fileEncoding = 4; lastKnownFileType = sourcecode.c.objc; path = SCParallaxPageLayouter.m; sourceTree = "<group>"; };
		180120EB1BCE3001001069CC /* SCSlidingPageLayouter.h */ = {isa = PBXFileReference; fileEncoding = 4; lastKnownFileType = sourcecode.c.h; path = SCSlidingPageLayouter.h; sourceTree = "<group>"; };
		180120EC1BCE3001001069CC /* SCSlidingPageLayouter.m */ = {isa = PBXFileReference; fileEncoding = 4; lastKnownFileType = sourcecode.c.objc; path = SCSlidingPageLayouter.m; sourceTree = "<group>"; };
		180120ED1BCE3001001069CC /* SCPageViewController.h */ = {isa = PBXFileReference; fileEncoding = 4; lastKnownFileType = sourcecode.c.h; path = SCPageViewController.h; sourceTree = "<group>"; };
		180120EE1BCE3001001069CC /* SCPageViewController.m */ = {isa = PBXFileReference; fileEncoding = 4; lastKnownFileType = sourcecode.c.objc; path = SCPageViewController.m; sourceTree = "<group>"; };
		180120EF1BCE3001001069CC /* SCPageViewControllerView.h */ = {isa = PBXFileReference; fileEncoding = 4; lastKnownFileType = sourcecode.c.h; path = SCPageViewControllerView.h; sourceTree = "<group>"; };
		180120F01BCE3001001069CC /* SCPageViewControllerView.m */ = {isa = PBXFileReference; fileEncoding = 4; lastKnownFileType = sourcecode.c.objc; path = SCPageViewControllerView.m; sourceTree = "<group>"; };
		181957A51B37432800474C45 /* Tests.xctest */ = {isa = PBXFileReference; explicitFileType = wrapper.cfbundle; includeInIndex = 0; path = Tests.xctest; sourceTree = BUILT_PRODUCTS_DIR; };
		181957A81B37432800474C45 /* Info.plist */ = {isa = PBXFileReference; lastKnownFileType = text.plist.xml; path = Info.plist; sourceTree = "<group>"; };
		181957B81B3743B600474C45 /* SCPageLayouterTests.m */ = {isa = PBXFileReference; fileEncoding = 4; lastKnownFileType = sourcecode.c.objc; path = SCPageLayouterTests.m; sourceTree = "<group>"; };
		181957B91B3743B600474C45 /* SCPageViewControllerTests.m */ = {isa = PBXFileReference; fileEncoding = 4; lastKnownFileType = sourcecode.c.objc; path = SCPageViewControllerTests.m; sourceTree = "<group>"; };
		181FFE921C14474500DA2369 /* MainViewController.swift */ = {isa = PBXFileReference; fileEncoding = 4; lastKnownFileType = sourcecode.swift; path = MainViewController.swift; sourceTree = "<group>"; };
		181FFE931C14474500DA2369 /* MainViewController.xib */ = {isa = PBXFileReference; fileEncoding = 4; lastKnownFileType = file.xib; path = MainViewController.xib; sourceTree = "<group>"; };
		18623FFD18B0063D00FFE998 /* colorful_umbrellas.jpg */ = {isa = PBXFileReference; lastKnownFileType = image.jpeg; path = colorful_umbrellas.jpg; sourceTree = "<group>"; };
		187E412318A968E0003D8C70 /* ObjCDemo.app */ = {isa = PBXFileReference; explicitFileType = wrapper.application; includeInIndex = 0; path = ObjCDemo.app; sourceTree = BUILT_PRODUCTS_DIR; };
		187E412618A968E0003D8C70 /* Foundation.framework */ = {isa = PBXFileReference; lastKnownFileType = wrapper.framework; name = Foundation.framework; path = System/Library/Frameworks/Foundation.framework; sourceTree = SDKROOT; };
		187E412818A968E0003D8C70 /* CoreGraphics.framework */ = {isa = PBXFileReference; lastKnownFileType = wrapper.framework; name = CoreGraphics.framework; path = System/Library/Frameworks/CoreGraphics.framework; sourceTree = SDKROOT; };
		187E412A18A968E0003D8C70 /* UIKit.framework */ = {isa = PBXFileReference; lastKnownFileType = wrapper.framework; name = UIKit.framework; path = System/Library/Frameworks/UIKit.framework; sourceTree = SDKROOT; };
		187E412E18A968E0003D8C70 /* SCPageViewController-Info.plist */ = {isa = PBXFileReference; lastKnownFileType = text.plist.xml; path = "SCPageViewController-Info.plist"; sourceTree = "<group>"; };
		187E413218A968E0003D8C70 /* main.m */ = {isa = PBXFileReference; lastKnownFileType = sourcecode.c.objc; path = main.m; sourceTree = "<group>"; };
		187E413518A968E0003D8C70 /* SCAppDelegate.h */ = {isa = PBXFileReference; lastKnownFileType = sourcecode.c.h; path = SCAppDelegate.h; sourceTree = "<group>"; };
		187E413618A968E0003D8C70 /* SCAppDelegate.m */ = {isa = PBXFileReference; lastKnownFileType = sourcecode.c.objc; path = SCAppDelegate.m; sourceTree = "<group>"; };
		187E414518A968E0003D8C70 /* XCTest.framework */ = {isa = PBXFileReference; lastKnownFileType = wrapper.framework; name = XCTest.framework; path = Library/Frameworks/XCTest.framework; sourceTree = DEVELOPER_DIR; };
		187E41BA18A96A4E003D8C70 /* UIColor+RandomColors.h */ = {isa = PBXFileReference; fileEncoding = 4; lastKnownFileType = sourcecode.c.h; path = "UIColor+RandomColors.h"; sourceTree = "<group>"; };
		187E41BB18A96A4E003D8C70 /* UIColor+RandomColors.m */ = {isa = PBXFileReference; fileEncoding = 4; lastKnownFileType = sourcecode.c.objc; path = "UIColor+RandomColors.m"; sourceTree = "<group>"; };
		187E41BC18A96A4E003D8C70 /* UIView+Shadows.h */ = {isa = PBXFileReference; fileEncoding = 4; lastKnownFileType = sourcecode.c.h; path = "UIView+Shadows.h"; sourceTree = "<group>"; };
		187E41BD18A96A4E003D8C70 /* UIView+Shadows.m */ = {isa = PBXFileReference; fileEncoding = 4; lastKnownFileType = sourcecode.c.objc; path = "UIView+Shadows.m"; sourceTree = "<group>"; };
		187E41BE18A96A4E003D8C70 /* SCMainViewController.h */ = {isa = PBXFileReference; fileEncoding = 4; lastKnownFileType = sourcecode.c.h; path = SCMainViewController.h; sourceTree = "<group>"; };
		187E41BF18A96A4E003D8C70 /* SCMainViewController.m */ = {isa = PBXFileReference; fileEncoding = 4; lastKnownFileType = sourcecode.c.objc; path = SCMainViewController.m; sourceTree = "<group>"; };
		187E41C018A96A4E003D8C70 /* SCMainViewController.xib */ = {isa = PBXFileReference; fileEncoding = 4; lastKnownFileType = file.xib; path = SCMainViewController.xib; sourceTree = "<group>"; };
		187E41C418A96A4E003D8C70 /* SCRootViewController.h */ = {isa = PBXFileReference; fileEncoding = 4; lastKnownFileType = sourcecode.c.h; path = SCRootViewController.h; sourceTree = "<group>"; };
		187E41C518A96A4E003D8C70 /* SCRootViewController.m */ = {isa = PBXFileReference; fileEncoding = 4; lastKnownFileType = sourcecode.c.objc; path = SCRootViewController.m; sourceTree = "<group>"; };
		187E41CD18A96D2B003D8C70 /* SCRootViewController.xib */ = {isa = PBXFileReference; fileEncoding = 4; lastKnownFileType = file.xib; path = SCRootViewController.xib; sourceTree = "<group>"; };
		18AB9F041BCE2C450049BF9F /* SwiftDemo.app */ = {isa = PBXFileReference; explicitFileType = wrapper.application; includeInIndex = 0; path = SwiftDemo.app; sourceTree = BUILT_PRODUCTS_DIR; };
		18AB9F061BCE2C460049BF9F /* AppDelegate.swift */ = {isa = PBXFileReference; lastKnownFileType = sourcecode.swift; path = AppDelegate.swift; sourceTree = "<group>"; };
		18AB9F171BCE2CFA0049BF9F /* Info.plist */ = {isa = PBXFileReference; fileEncoding = 4; lastKnownFileType = text.plist.xml; path = Info.plist; sourceTree = "<group>"; };
		18AB9F181BCE2CFA0049BF9F /* LaunchScreen.storyboard */ = {isa = PBXFileReference; fileEncoding = 4; lastKnownFileType = file.storyboard; path = LaunchScreen.storyboard; sourceTree = "<group>"; };
		18AB9F1E1BCE2F0B0049BF9F /* SwiftDemo-Bridging-Header.h */ = {isa = PBXFileReference; lastKnownFileType = sourcecode.c.h; path = "SwiftDemo-Bridging-Header.h"; sourceTree = "<group>"; };
		18E1DC361B39409F00361240 /* Launch Screen.xib */ = {isa = PBXFileReference; fileEncoding = 4; lastKnownFileType = file.xib; path = "Launch Screen.xib"; sourceTree = "<group>"; };
		18FA319A1BCE34C500134E86 /* RootViewController.swift */ = {isa = PBXFileReference; fileEncoding = 4; lastKnownFileType = sourcecode.swift; path = RootViewController.swift; sourceTree = "<group>"; };
		2A05B8BF4CD709715791CFDE /* Pods-ObjCDemo.release.xcconfig */ = {isa = PBXFileReference; includeInIndex = 1; lastKnownFileType = text.xcconfig; name = "Pods-ObjCDemo.release.xcconfig"; path = "Pods/Target Support Files/Pods-ObjCDemo/Pods-ObjCDemo.release.xcconfig"; sourceTree = "<group>"; };
		52A57530EE2FD7D1E3346871 /* Pods-ObjCDemo.debug.xcconfig */ = {isa = PBXFileReference; includeInIndex = 1; lastKnownFileType = text.xcconfig; name = "Pods-ObjCDemo.debug.xcconfig"; path = "Pods/Target Support Files/Pods-ObjCDemo/Pods-ObjCDemo.debug.xcconfig"; sourceTree = "<group>"; };
		5665E239FB8E5066CF4D7ADA /* libPods-Tests.a */ = {isa = PBXFileReference; explicitFileType = archive.ar; includeInIndex = 0; path = "libPods-Tests.a"; sourceTree = BUILT_PRODUCTS_DIR; };
		91696FFA725B1AFF96353D9A /* libPods-ObjCDemo.a */ = {isa = PBXFileReference; explicitFileType = archive.ar; includeInIndex = 0; path = "libPods-ObjCDemo.a"; sourceTree = BUILT_PRODUCTS_DIR; };
		C9CAE5D0D4CFCB88876D3233 /* libPods-SwiftDemo.a */ = {isa = PBXFileReference; explicitFileType = archive.ar; includeInIndex = 0; path = "libPods-SwiftDemo.a"; sourceTree = BUILT_PRODUCTS_DIR; };
		D16B58900219A06FC8FB8E02 /* Pods-Tests.release.xcconfig */ = {isa = PBXFileReference; includeInIndex = 1; lastKnownFileType = text.xcconfig; name = "Pods-Tests.release.xcconfig"; path = "Pods/Target Support Files/Pods-Tests/Pods-Tests.release.xcconfig"; sourceTree = "<group>"; };
		F297DB8685EE6265766C484F /* Pods-Tests.debug.xcconfig */ = {isa = PBXFileReference; includeInIndex = 1; lastKnownFileType = text.xcconfig; name = "Pods-Tests.debug.xcconfig"; path = "Pods/Target Support Files/Pods-Tests/Pods-Tests.debug.xcconfig"; sourceTree = "<group>"; };
/* End PBXFileReference section */

/* Begin PBXFrameworksBuildPhase section */
		181957A21B37432800474C45 /* Frameworks */ = {
			isa = PBXFrameworksBuildPhase;
			buildActionMask = 2147483647;
			files = (
				4DA3E93AA33E789F6522B06D /* libPods-Tests.a in Frameworks */,
			);
			runOnlyForDeploymentPostprocessing = 0;
		};
		187E412018A968E0003D8C70 /* Frameworks */ = {
			isa = PBXFrameworksBuildPhase;
			buildActionMask = 2147483647;
			files = (
				187E412918A968E0003D8C70 /* CoreGraphics.framework in Frameworks */,
				187E412B18A968E0003D8C70 /* UIKit.framework in Frameworks */,
				187E412718A968E0003D8C70 /* Foundation.framework in Frameworks */,
				848CBCAEC9D6E2E9BEBF8766 /* libPods-ObjCDemo.a in Frameworks */,
			);
			runOnlyForDeploymentPostprocessing = 0;
		};
		18AB9F011BCE2C450049BF9F /* Frameworks */ = {
			isa = PBXFrameworksBuildPhase;
			buildActionMask = 2147483647;
			files = (
				A66C3BD8B4B3A8C21A75CE61 /* libPods-SwiftDemo.a in Frameworks */,
			);
			runOnlyForDeploymentPostprocessing = 0;
		};
/* End PBXFrameworksBuildPhase section */

/* Begin PBXGroup section */
		180120E21BCE3001001069CC /* SCPageViewController */ = {
			isa = PBXGroup;
			children = (
				180120E31BCE3001001069CC /* Layouters */,
				180120ED1BCE3001001069CC /* SCPageViewController.h */,
				180120EE1BCE3001001069CC /* SCPageViewController.m */,
				180120EF1BCE3001001069CC /* SCPageViewControllerView.h */,
				180120F01BCE3001001069CC /* SCPageViewControllerView.m */,
			);
			name = SCPageViewController;
			path = ../SCPageViewController;
			sourceTree = "<group>";
		};
		180120E31BCE3001001069CC /* Layouters */ = {
			isa = PBXGroup;
			children = (
				180120E41BCE3001001069CC /* SCCardsPageLayouter.h */,
				180120E51BCE3001001069CC /* SCCardsPageLayouter.m */,
				180120E61BCE3001001069CC /* SCPageLayouter.h */,
				180120E71BCE3001001069CC /* SCPageLayouter.m */,
				180120E81BCE3001001069CC /* SCPageLayouterProtocol.h */,
				180120E91BCE3001001069CC /* SCParallaxPageLayouter.h */,
				180120EA1BCE3001001069CC /* SCParallaxPageLayouter.m */,
				180120EB1BCE3001001069CC /* SCSlidingPageLayouter.h */,
				180120EC1BCE3001001069CC /* SCSlidingPageLayouter.m */,
			);
			path = Layouters;
			sourceTree = "<group>";
		};
		181957A61B37432800474C45 /* Tests */ = {
			isa = PBXGroup;
			children = (
				181957B91B3743B600474C45 /* SCPageViewControllerTests.m */,
				181957B81B3743B600474C45 /* SCPageLayouterTests.m */,
				181957A71B37432800474C45 /* Supporting Files */,
			);
			path = Tests;
			sourceTree = "<group>";
		};
		181957A71B37432800474C45 /* Supporting Files */ = {
			isa = PBXGroup;
			children = (
				181957A81B37432800474C45 /* Info.plist */,
			);
			name = "Supporting Files";
			sourceTree = "<group>";
		};
		187E411A18A968E0003D8C70 = {
			isa = PBXGroup;
			children = (
				180120E21BCE3001001069CC /* SCPageViewController */,
				187E412C18A968E0003D8C70 /* ObjCDemo */,
				181957A61B37432800474C45 /* Tests */,
				18AB9F051BCE2C460049BF9F /* SwiftDemo */,
				187E412518A968E0003D8C70 /* Frameworks */,
				187E412418A968E0003D8C70 /* Products */,
				8F2725397AF5E19444B33442 /* Pods */,
			);
			sourceTree = "<group>";
		};
		187E412418A968E0003D8C70 /* Products */ = {
			isa = PBXGroup;
			children = (
				187E412318A968E0003D8C70 /* ObjCDemo.app */,
				181957A51B37432800474C45 /* Tests.xctest */,
				18AB9F041BCE2C450049BF9F /* SwiftDemo.app */,
			);
			name = Products;
			sourceTree = "<group>";
		};
		187E412518A968E0003D8C70 /* Frameworks */ = {
			isa = PBXGroup;
			children = (
				187E412618A968E0003D8C70 /* Foundation.framework */,
				187E412818A968E0003D8C70 /* CoreGraphics.framework */,
				187E412A18A968E0003D8C70 /* UIKit.framework */,
				187E414518A968E0003D8C70 /* XCTest.framework */,
				91696FFA725B1AFF96353D9A /* libPods-ObjCDemo.a */,
				C9CAE5D0D4CFCB88876D3233 /* libPods-SwiftDemo.a */,
				5665E239FB8E5066CF4D7ADA /* libPods-Tests.a */,
			);
			name = Frameworks;
			sourceTree = "<group>";
		};
		187E412C18A968E0003D8C70 /* ObjCDemo */ = {
			isa = PBXGroup;
			children = (
				187E413518A968E0003D8C70 /* SCAppDelegate.h */,
				187E413618A968E0003D8C70 /* SCAppDelegate.m */,
				187E41C418A96A4E003D8C70 /* SCRootViewController.h */,
				187E41C518A96A4E003D8C70 /* SCRootViewController.m */,
				187E41CD18A96D2B003D8C70 /* SCRootViewController.xib */,
				187E41BE18A96A4E003D8C70 /* SCMainViewController.h */,
				187E41BF18A96A4E003D8C70 /* SCMainViewController.m */,
				187E41C018A96A4E003D8C70 /* SCMainViewController.xib */,
				187E41B918A96A4E003D8C70 /* Helpers */,
				187E412D18A968E0003D8C70 /* Supporting Files */,
			);
			path = ObjCDemo;
			sourceTree = "<group>";
		};
		187E412D18A968E0003D8C70 /* Supporting Files */ = {
			isa = PBXGroup;
			children = (
				18623FFD18B0063D00FFE998 /* colorful_umbrellas.jpg */,
				187E412E18A968E0003D8C70 /* SCPageViewController-Info.plist */,
				187E413218A968E0003D8C70 /* main.m */,
				18E1DC361B39409F00361240 /* Launch Screen.xib */,
			);
			name = "Supporting Files";
			sourceTree = "<group>";
		};
		187E41B918A96A4E003D8C70 /* Helpers */ = {
			isa = PBXGroup;
			children = (
				187E41BA18A96A4E003D8C70 /* UIColor+RandomColors.h */,
				187E41BB18A96A4E003D8C70 /* UIColor+RandomColors.m */,
				187E41BC18A96A4E003D8C70 /* UIView+Shadows.h */,
				187E41BD18A96A4E003D8C70 /* UIView+Shadows.m */,
			);
			path = Helpers;
			sourceTree = "<group>";
		};
		18AB9F051BCE2C460049BF9F /* SwiftDemo */ = {
			isa = PBXGroup;
			children = (
				18AB9F061BCE2C460049BF9F /* AppDelegate.swift */,
				18FA319A1BCE34C500134E86 /* RootViewController.swift */,
				181FFE921C14474500DA2369 /* MainViewController.swift */,
				181FFE931C14474500DA2369 /* MainViewController.xib */,
				18AB9F161BCE2CFA0049BF9F /* Supporting Files */,
				18AB9F1E1BCE2F0B0049BF9F /* SwiftDemo-Bridging-Header.h */,
			);
			path = SwiftDemo;
			sourceTree = "<group>";
		};
		18AB9F161BCE2CFA0049BF9F /* Supporting Files */ = {
			isa = PBXGroup;
			children = (
				18AB9F171BCE2CFA0049BF9F /* Info.plist */,
				18AB9F181BCE2CFA0049BF9F /* LaunchScreen.storyboard */,
			);
			path = "Supporting Files";
			sourceTree = "<group>";
		};
		8F2725397AF5E19444B33442 /* Pods */ = {
			isa = PBXGroup;
			children = (
				52A57530EE2FD7D1E3346871 /* Pods-ObjCDemo.debug.xcconfig */,
				2A05B8BF4CD709715791CFDE /* Pods-ObjCDemo.release.xcconfig */,
				178E2EF528419ADD8E0C7C0F /* Pods-SwiftDemo.debug.xcconfig */,
				09819ACCCE4DE4FCEDC4C587 /* Pods-SwiftDemo.release.xcconfig */,
				F297DB8685EE6265766C484F /* Pods-Tests.debug.xcconfig */,
				D16B58900219A06FC8FB8E02 /* Pods-Tests.release.xcconfig */,
			);
			name = Pods;
			sourceTree = "<group>";
		};
/* End PBXGroup section */

/* Begin PBXNativeTarget section */
		181957A41B37432800474C45 /* Tests */ = {
			isa = PBXNativeTarget;
			buildConfigurationList = 181957AD1B37432800474C45 /* Build configuration list for PBXNativeTarget "Tests" */;
			buildPhases = (
				6E54DCBDA50D7BD10F611294 /* [CP] Check Pods Manifest.lock */,
				181957A11B37432800474C45 /* Sources */,
				181957A21B37432800474C45 /* Frameworks */,
				181957A31B37432800474C45 /* Resources */,
				53C7E31A8AA7A4C6E465CF5D /* [CP] Embed Pods Frameworks */,
				EF27827ED8A6C0728EE2FE78 /* [CP] Copy Pods Resources */,
			);
			buildRules = (
			);
			dependencies = (
				181957AC1B37432800474C45 /* PBXTargetDependency */,
			);
			name = Tests;
			productName = Tests;
			productReference = 181957A51B37432800474C45 /* Tests.xctest */;
			productType = "com.apple.product-type.bundle.unit-test";
		};
		187E412218A968E0003D8C70 /* ObjCDemo */ = {
			isa = PBXNativeTarget;
			buildConfigurationList = 187E415518A968E0003D8C70 /* Build configuration list for PBXNativeTarget "ObjCDemo" */;
			buildPhases = (
				A291028CC9CCB70E3EBC9D06 /* [CP] Check Pods Manifest.lock */,
				187E411F18A968E0003D8C70 /* Sources */,
				187E412018A968E0003D8C70 /* Frameworks */,
				187E412118A968E0003D8C70 /* Resources */,
				237FF1CB1E7DC58CA871D208 /* [CP] Embed Pods Frameworks */,
				31812AC9366049DB5D3F24C3 /* [CP] Copy Pods Resources */,
			);
			buildRules = (
			);
			dependencies = (
			);
			name = ObjCDemo;
			productName = SCPageViewController;
			productReference = 187E412318A968E0003D8C70 /* ObjCDemo.app */;
			productType = "com.apple.product-type.application";
		};
		18AB9F031BCE2C450049BF9F /* SwiftDemo */ = {
			isa = PBXNativeTarget;
			buildConfigurationList = 18AB9F151BCE2C460049BF9F /* Build configuration list for PBXNativeTarget "SwiftDemo" */;
			buildPhases = (
				3E77A5DC0AC53793A5643C2A /* [CP] Check Pods Manifest.lock */,
				18AB9F001BCE2C450049BF9F /* Sources */,
				18AB9F011BCE2C450049BF9F /* Frameworks */,
				18AB9F021BCE2C450049BF9F /* Resources */,
				5497E1AE2F74F495CFD9A66B /* [CP] Embed Pods Frameworks */,
				FE2EE060453879383389382E /* [CP] Copy Pods Resources */,
			);
			buildRules = (
			);
			dependencies = (
			);
			name = SwiftDemo;
			productName = SwiftDemo;
			productReference = 18AB9F041BCE2C450049BF9F /* SwiftDemo.app */;
			productType = "com.apple.product-type.application";
		};
/* End PBXNativeTarget section */

/* Begin PBXProject section */
		187E411B18A968E0003D8C70 /* Project object */ = {
			isa = PBXProject;
			attributes = {
				CLASSPREFIX = SC;
				LastSwiftUpdateCheck = 0700;
				LastUpgradeCheck = 0710;
				ORGANIZATIONNAME = "Stefan Ceriu";
				TargetAttributes = {
					181957A41B37432800474C45 = {
						CreatedOnToolsVersion = 6.3.2;
						TestTargetID = 187E412218A968E0003D8C70;
					};
					18AB9F031BCE2C450049BF9F = {
						CreatedOnToolsVersion = 7.0;
						LastSwiftMigration = 0810;
					};
				};
			};
			buildConfigurationList = 187E411E18A968E0003D8C70 /* Build configuration list for PBXProject "SCPageViewController" */;
			compatibilityVersion = "Xcode 3.2";
			developmentRegion = English;
			hasScannedForEncodings = 0;
			knownRegions = (
				en,
				Base,
			);
			mainGroup = 187E411A18A968E0003D8C70;
			productRefGroup = 187E412418A968E0003D8C70 /* Products */;
			projectDirPath = "";
			projectRoot = "";
			targets = (
				187E412218A968E0003D8C70 /* ObjCDemo */,
				18AB9F031BCE2C450049BF9F /* SwiftDemo */,
				181957A41B37432800474C45 /* Tests */,
			);
		};
/* End PBXProject section */

/* Begin PBXResourcesBuildPhase section */
		181957A31B37432800474C45 /* Resources */ = {
			isa = PBXResourcesBuildPhase;
			buildActionMask = 2147483647;
			files = (
			);
			runOnlyForDeploymentPostprocessing = 0;
		};
		187E412118A968E0003D8C70 /* Resources */ = {
			isa = PBXResourcesBuildPhase;
			buildActionMask = 2147483647;
			files = (
				187E41C918A96A4E003D8C70 /* SCMainViewController.xib in Resources */,
				18E1DC371B39409F00361240 /* Launch Screen.xib in Resources */,
				18623FFE18B0063D00FFE998 /* colorful_umbrellas.jpg in Resources */,
				187E41CE18A96D2B003D8C70 /* SCRootViewController.xib in Resources */,
			);
			runOnlyForDeploymentPostprocessing = 0;
		};
		18AB9F021BCE2C450049BF9F /* Resources */ = {
			isa = PBXResourcesBuildPhase;
			buildActionMask = 2147483647;
			files = (
				181FFE951C14474500DA2369 /* MainViewController.xib in Resources */,
				18AB9F1A1BCE2CFA0049BF9F /* LaunchScreen.storyboard in Resources */,
			);
			runOnlyForDeploymentPostprocessing = 0;
		};
/* End PBXResourcesBuildPhase section */

/* Begin PBXShellScriptBuildPhase section */
		237FF1CB1E7DC58CA871D208 /* [CP] Embed Pods Frameworks */ = {
			isa = PBXShellScriptBuildPhase;
			buildActionMask = 2147483647;
			files = (
			);
			inputPaths = (
			);
			name = "[CP] Embed Pods Frameworks";
			outputPaths = (
			);
			runOnlyForDeploymentPostprocessing = 0;
			shellPath = /bin/sh;
			shellScript = "\"${SRCROOT}/Pods/Target Support Files/Pods-ObjCDemo/Pods-ObjCDemo-frameworks.sh\"\n";
			showEnvVarsInLog = 0;
		};
		31812AC9366049DB5D3F24C3 /* [CP] Copy Pods Resources */ = {
			isa = PBXShellScriptBuildPhase;
			buildActionMask = 2147483647;
			files = (
			);
			inputPaths = (
			);
			name = "[CP] Copy Pods Resources";
			outputPaths = (
			);
			runOnlyForDeploymentPostprocessing = 0;
			shellPath = /bin/sh;
			shellScript = "\"${SRCROOT}/Pods/Target Support Files/Pods-ObjCDemo/Pods-ObjCDemo-resources.sh\"\n";
			showEnvVarsInLog = 0;
		};
		3E77A5DC0AC53793A5643C2A /* [CP] Check Pods Manifest.lock */ = {
			isa = PBXShellScriptBuildPhase;
			buildActionMask = 2147483647;
			files = (
			);
			inputPaths = (
			);
			name = "[CP] Check Pods Manifest.lock";
			outputPaths = (
			);
			runOnlyForDeploymentPostprocessing = 0;
			shellPath = /bin/sh;
			shellScript = "diff \"${PODS_ROOT}/../Podfile.lock\" \"${PODS_ROOT}/Manifest.lock\" > /dev/null\nif [ $? != 0 ] ; then\n    # print error to STDERR\n    echo \"error: The sandbox is not in sync with the Podfile.lock. Run 'pod install' or update your CocoaPods installation.\" >&2\n    exit 1\nfi\n";
			showEnvVarsInLog = 0;
		};
		53C7E31A8AA7A4C6E465CF5D /* [CP] Embed Pods Frameworks */ = {
			isa = PBXShellScriptBuildPhase;
			buildActionMask = 2147483647;
			files = (
			);
			inputPaths = (
			);
			name = "[CP] Embed Pods Frameworks";
			outputPaths = (
			);
			runOnlyForDeploymentPostprocessing = 0;
			shellPath = /bin/sh;
			shellScript = "\"${SRCROOT}/Pods/Target Support Files/Pods-Tests/Pods-Tests-frameworks.sh\"\n";
			showEnvVarsInLog = 0;
		};
		5497E1AE2F74F495CFD9A66B /* [CP] Embed Pods Frameworks */ = {
			isa = PBXShellScriptBuildPhase;
			buildActionMask = 2147483647;
			files = (
			);
			inputPaths = (
			);
			name = "[CP] Embed Pods Frameworks";
			outputPaths = (
			);
			runOnlyForDeploymentPostprocessing = 0;
			shellPath = /bin/sh;
			shellScript = "\"${SRCROOT}/Pods/Target Support Files/Pods-SwiftDemo/Pods-SwiftDemo-frameworks.sh\"\n";
			showEnvVarsInLog = 0;
		};
		6E54DCBDA50D7BD10F611294 /* [CP] Check Pods Manifest.lock */ = {
			isa = PBXShellScriptBuildPhase;
			buildActionMask = 2147483647;
			files = (
			);
			inputPaths = (
			);
			name = "[CP] Check Pods Manifest.lock";
			outputPaths = (
			);
			runOnlyForDeploymentPostprocessing = 0;
			shellPath = /bin/sh;
			shellScript = "diff \"${PODS_ROOT}/../Podfile.lock\" \"${PODS_ROOT}/Manifest.lock\" > /dev/null\nif [ $? != 0 ] ; then\n    # print error to STDERR\n    echo \"error: The sandbox is not in sync with the Podfile.lock. Run 'pod install' or update your CocoaPods installation.\" >&2\n    exit 1\nfi\n";
			showEnvVarsInLog = 0;
		};
		A291028CC9CCB70E3EBC9D06 /* [CP] Check Pods Manifest.lock */ = {
			isa = PBXShellScriptBuildPhase;
			buildActionMask = 2147483647;
			files = (
			);
			inputPaths = (
			);
			name = "[CP] Check Pods Manifest.lock";
			outputPaths = (
			);
			runOnlyForDeploymentPostprocessing = 0;
			shellPath = /bin/sh;
			shellScript = "diff \"${PODS_ROOT}/../Podfile.lock\" \"${PODS_ROOT}/Manifest.lock\" > /dev/null\nif [ $? != 0 ] ; then\n    # print error to STDERR\n    echo \"error: The sandbox is not in sync with the Podfile.lock. Run 'pod install' or update your CocoaPods installation.\" >&2\n    exit 1\nfi\n";
			showEnvVarsInLog = 0;
		};
		EF27827ED8A6C0728EE2FE78 /* [CP] Copy Pods Resources */ = {
			isa = PBXShellScriptBuildPhase;
			buildActionMask = 2147483647;
			files = (
			);
			inputPaths = (
			);
			name = "[CP] Copy Pods Resources";
			outputPaths = (
			);
			runOnlyForDeploymentPostprocessing = 0;
			shellPath = /bin/sh;
			shellScript = "\"${SRCROOT}/Pods/Target Support Files/Pods-Tests/Pods-Tests-resources.sh\"\n";
			showEnvVarsInLog = 0;
		};
		FE2EE060453879383389382E /* [CP] Copy Pods Resources */ = {
			isa = PBXShellScriptBuildPhase;
			buildActionMask = 2147483647;
			files = (
			);
			inputPaths = (
			);
			name = "[CP] Copy Pods Resources";
			outputPaths = (
			);
			runOnlyForDeploymentPostprocessing = 0;
			shellPath = /bin/sh;
			shellScript = "\"${SRCROOT}/Pods/Target Support Files/Pods-SwiftDemo/Pods-SwiftDemo-resources.sh\"\n";
			showEnvVarsInLog = 0;
		};
/* End PBXShellScriptBuildPhase section */

/* Begin PBXSourcesBuildPhase section */
		181957A11B37432800474C45 /* Sources */ = {
			isa = PBXSourcesBuildPhase;
			buildActionMask = 2147483647;
			files = (
				181957BC1B3743B600474C45 /* SCPageLayouterTests.m in Sources */,
				180120F91BCE3042001069CC /* SCPageViewControllerView.m in Sources */,
				181957BD1B3743B600474C45 /* SCPageViewControllerTests.m in Sources */,
				180120FB1BCE304E001069CC /* SCCardsPageLayouter.m in Sources */,
				180120FE1BCE304E001069CC /* SCSlidingPageLayouter.m in Sources */,
				180120FD1BCE304E001069CC /* SCParallaxPageLayouter.m in Sources */,
				180120FA1BCE3045001069CC /* SCPageViewController.m in Sources */,
				180120FC1BCE304E001069CC /* SCPageLayouter.m in Sources */,
			);
			runOnlyForDeploymentPostprocessing = 0;
		};
		187E411F18A968E0003D8C70 /* Sources */ = {
			isa = PBXSourcesBuildPhase;
			buildActionMask = 2147483647;
			files = (
				187E413718A968E0003D8C70 /* SCAppDelegate.m in Sources */,
				180120F71BCE303E001069CC /* SCPageViewController.m in Sources */,
				180120FF1BCE304F001069CC /* SCCardsPageLayouter.m in Sources */,
				180120F81BCE3041001069CC /* SCPageViewControllerView.m in Sources */,
				180121021BCE304F001069CC /* SCSlidingPageLayouter.m in Sources */,
				180121011BCE304F001069CC /* SCParallaxPageLayouter.m in Sources */,
				187E41C618A96A4E003D8C70 /* UIColor+RandomColors.m in Sources */,
				180121001BCE304F001069CC /* SCPageLayouter.m in Sources */,
				187E413318A968E0003D8C70 /* main.m in Sources */,
				187E41C818A96A4E003D8C70 /* SCMainViewController.m in Sources */,
				187E41C718A96A4E003D8C70 /* UIView+Shadows.m in Sources */,
				187E41CC18A96A4E003D8C70 /* SCRootViewController.m in Sources */,
			);
			runOnlyForDeploymentPostprocessing = 0;
		};
		18AB9F001BCE2C450049BF9F /* Sources */ = {
			isa = PBXSourcesBuildPhase;
			buildActionMask = 2147483647;
			files = (
				18FA31981BCE318800134E86 /* SCPageViewController.m in Sources */,
				18FA319B1BCE34C500134E86 /* RootViewController.swift in Sources */,
				18FA31991BCE318800134E86 /* SCPageViewControllerView.m in Sources */,
				18AB9F071BCE2C460049BF9F /* AppDelegate.swift in Sources */,
				18FA31941BCE318800134E86 /* SCCardsPageLayouter.m in Sources */,
				18FA31951BCE318800134E86 /* SCPageLayouter.m in Sources */,
				181FFE941C14474500DA2369 /* MainViewController.swift in Sources */,
				18FA31971BCE318800134E86 /* SCSlidingPageLayouter.m in Sources */,
				18FA31961BCE318800134E86 /* SCParallaxPageLayouter.m in Sources */,
			);
			runOnlyForDeploymentPostprocessing = 0;
		};
/* End PBXSourcesBuildPhase section */

/* Begin PBXTargetDependency section */
		181957AC1B37432800474C45 /* PBXTargetDependency */ = {
			isa = PBXTargetDependency;
			target = 187E412218A968E0003D8C70 /* ObjCDemo */;
			targetProxy = 181957AB1B37432800474C45 /* PBXContainerItemProxy */;
		};
/* End PBXTargetDependency section */

/* Begin XCBuildConfiguration section */
		181957AE1B37432800474C45 /* Debug */ = {
			isa = XCBuildConfiguration;
			baseConfigurationReference = F297DB8685EE6265766C484F /* Pods-Tests.debug.xcconfig */;
			buildSettings = {
				BUNDLE_LOADER = "$(TEST_HOST)";
				CLANG_WARN_UNREACHABLE_CODE = YES;
				DEBUG_INFORMATION_FORMAT = "dwarf-with-dsym";
				ENABLE_STRICT_OBJC_MSGSEND = YES;
				FRAMEWORK_SEARCH_PATHS = (
					"$(SDKROOT)/Developer/Library/Frameworks",
					"$(inherited)",
				);
				GCC_NO_COMMON_BLOCKS = YES;
				GCC_PREPROCESSOR_DEFINITIONS = (
					"DEBUG=1",
					"$(inherited)",
				);
				GCC_WARN_UNINITIALIZED_AUTOS = YES_AGGRESSIVE;
				INFOPLIST_FILE = Tests/Info.plist;
				IPHONEOS_DEPLOYMENT_TARGET = 8.3;
				LD_RUNPATH_SEARCH_PATHS = "$(inherited) @executable_path/Frameworks @loader_path/Frameworks";
				MTL_ENABLE_DEBUG_INFO = YES;
				PRODUCT_BUNDLE_IDENTIFIER = "com.stefanceriu.$(PRODUCT_NAME:rfc1034identifier)";
				PRODUCT_NAME = "$(TARGET_NAME)";
				TEST_HOST = "$(BUILT_PRODUCTS_DIR)/ObjCDemo.app/ObjCDemo";
			};
			name = Debug;
		};
		181957AF1B37432800474C45 /* Release */ = {
			isa = XCBuildConfiguration;
			baseConfigurationReference = D16B58900219A06FC8FB8E02 /* Pods-Tests.release.xcconfig */;
			buildSettings = {
				BUNDLE_LOADER = "$(TEST_HOST)";
				CLANG_WARN_UNREACHABLE_CODE = YES;
				COPY_PHASE_STRIP = NO;
				DEBUG_INFORMATION_FORMAT = "dwarf-with-dsym";
				ENABLE_STRICT_OBJC_MSGSEND = YES;
				FRAMEWORK_SEARCH_PATHS = (
					"$(SDKROOT)/Developer/Library/Frameworks",
					"$(inherited)",
				);
				GCC_NO_COMMON_BLOCKS = YES;
				GCC_WARN_UNINITIALIZED_AUTOS = YES_AGGRESSIVE;
				INFOPLIST_FILE = Tests/Info.plist;
				IPHONEOS_DEPLOYMENT_TARGET = 8.3;
				LD_RUNPATH_SEARCH_PATHS = "$(inherited) @executable_path/Frameworks @loader_path/Frameworks";
				MTL_ENABLE_DEBUG_INFO = NO;
				PRODUCT_BUNDLE_IDENTIFIER = "com.stefanceriu.$(PRODUCT_NAME:rfc1034identifier)";
				PRODUCT_NAME = "$(TARGET_NAME)";
				TEST_HOST = "$(BUILT_PRODUCTS_DIR)/ObjCDemo.app/ObjCDemo";
			};
			name = Release;
		};
		187E415318A968E0003D8C70 /* Debug */ = {
			isa = XCBuildConfiguration;
			buildSettings = {
				ALWAYS_SEARCH_USER_PATHS = NO;
				CLANG_CXX_LANGUAGE_STANDARD = "gnu++0x";
				CLANG_CXX_LIBRARY = "libc++";
				CLANG_ENABLE_MODULES = YES;
				CLANG_ENABLE_OBJC_ARC = YES;
				CLANG_WARN_BOOL_CONVERSION = YES;
				CLANG_WARN_CONSTANT_CONVERSION = YES;
				CLANG_WARN_DIRECT_OBJC_ISA_USAGE = YES_ERROR;
				CLANG_WARN_DOCUMENTATION_COMMENTS = YES;
				CLANG_WARN_EMPTY_BODY = YES;
				CLANG_WARN_ENUM_CONVERSION = YES;
				CLANG_WARN_INT_CONVERSION = YES;
				CLANG_WARN_OBJC_ROOT_CLASS = YES_ERROR;
				CLANG_WARN__DUPLICATE_METHOD_MATCH = YES;
				"CODE_SIGN_IDENTITY[sdk=iphoneos*]" = "iPhone Developer";
				COPY_PHASE_STRIP = NO;
				ENABLE_TESTABILITY = YES;
				GCC_C_LANGUAGE_STANDARD = gnu99;
				GCC_DYNAMIC_NO_PIC = NO;
				GCC_OPTIMIZATION_LEVEL = 0;
				GCC_PREPROCESSOR_DEFINITIONS = (
					"DEBUG=1",
					"$(inherited)",
				);
				GCC_SYMBOLS_PRIVATE_EXTERN = NO;
				GCC_WARN_64_TO_32_BIT_CONVERSION = YES;
				GCC_WARN_ABOUT_RETURN_TYPE = YES_ERROR;
				GCC_WARN_UNDECLARED_SELECTOR = YES;
				GCC_WARN_UNINITIALIZED_AUTOS = YES;
				GCC_WARN_UNUSED_FUNCTION = YES;
				GCC_WARN_UNUSED_VARIABLE = YES;
				IPHONEOS_DEPLOYMENT_TARGET = 7.0;
				ONLY_ACTIVE_ARCH = YES;
				SDKROOT = iphoneos;
				TARGETED_DEVICE_FAMILY = 2;
			};
			name = Debug;
		};
		187E415418A968E0003D8C70 /* Release */ = {
			isa = XCBuildConfiguration;
			buildSettings = {
				ALWAYS_SEARCH_USER_PATHS = NO;
				CLANG_CXX_LANGUAGE_STANDARD = "gnu++0x";
				CLANG_CXX_LIBRARY = "libc++";
				CLANG_ENABLE_MODULES = YES;
				CLANG_ENABLE_OBJC_ARC = YES;
				CLANG_WARN_BOOL_CONVERSION = YES;
				CLANG_WARN_CONSTANT_CONVERSION = YES;
				CLANG_WARN_DIRECT_OBJC_ISA_USAGE = YES_ERROR;
				CLANG_WARN_DOCUMENTATION_COMMENTS = YES;
				CLANG_WARN_EMPTY_BODY = YES;
				CLANG_WARN_ENUM_CONVERSION = YES;
				CLANG_WARN_INT_CONVERSION = YES;
				CLANG_WARN_OBJC_ROOT_CLASS = YES_ERROR;
				CLANG_WARN__DUPLICATE_METHOD_MATCH = YES;
				"CODE_SIGN_IDENTITY[sdk=iphoneos*]" = "iPhone Developer";
				COPY_PHASE_STRIP = YES;
				ENABLE_NS_ASSERTIONS = NO;
				GCC_C_LANGUAGE_STANDARD = gnu99;
				GCC_WARN_64_TO_32_BIT_CONVERSION = YES;
				GCC_WARN_ABOUT_RETURN_TYPE = YES_ERROR;
				GCC_WARN_UNDECLARED_SELECTOR = YES;
				GCC_WARN_UNINITIALIZED_AUTOS = YES;
				GCC_WARN_UNUSED_FUNCTION = YES;
				GCC_WARN_UNUSED_VARIABLE = YES;
				IPHONEOS_DEPLOYMENT_TARGET = 7.0;
				SDKROOT = iphoneos;
				TARGETED_DEVICE_FAMILY = 2;
				VALIDATE_PRODUCT = YES;
			};
			name = Release;
		};
		187E415618A968E0003D8C70 /* Debug */ = {
			isa = XCBuildConfiguration;
			baseConfigurationReference = 52A57530EE2FD7D1E3346871 /* Pods-ObjCDemo.debug.xcconfig */;
			buildSettings = {
				ASSETCATALOG_COMPILER_APPICON_NAME = AppIcon;
				ASSETCATALOG_COMPILER_LAUNCHIMAGE_NAME = LaunchImage;
				CLANG_WARN_DEPRECATED_OBJC_IMPLEMENTATIONS = YES;
				CLANG_WARN_DOCUMENTATION_COMMENTS = YES;
				CLANG_WARN_IMPLICIT_SIGN_CONVERSION = NO;
				CLANG_WARN_OBJC_IMPLICIT_ATOMIC_PROPERTIES = YES;
				CLANG_WARN_OBJC_MISSING_PROPERTY_SYNTHESIS = NO;
				CLANG_WARN_SUSPICIOUS_IMPLICIT_CONVERSION = NO;
				CLANG_WARN_UNREACHABLE_CODE = YES;
				GCC_PRECOMPILE_PREFIX_HEADER = NO;
				GCC_PREFIX_HEADER = "";
				GCC_TREAT_IMPLICIT_FUNCTION_DECLARATIONS_AS_ERRORS = YES;
				GCC_TREAT_INCOMPATIBLE_POINTER_TYPE_WARNINGS_AS_ERRORS = NO;
				GCC_WARN_ABOUT_MISSING_FIELD_INITIALIZERS = YES;
				GCC_WARN_ABOUT_MISSING_NEWLINE = YES;
				GCC_WARN_ABOUT_MISSING_PROTOTYPES = YES;
				GCC_WARN_FOUR_CHARACTER_CONSTANTS = YES;
				GCC_WARN_INITIALIZER_NOT_FULLY_BRACKETED = YES;
				GCC_WARN_MULTIPLE_DEFINITION_TYPES_FOR_SELECTOR = YES;
				GCC_WARN_SHADOW = YES;
				GCC_WARN_STRICT_SELECTOR_MATCH = YES;
				GCC_WARN_UNKNOWN_PRAGMAS = YES;
				HEADER_SEARCH_PATHS = "$(inherited)";
				INFOPLIST_FILE = "ObjCDemo/SCPageViewController-Info.plist";
				IPHONEOS_DEPLOYMENT_TARGET = 8.0;
				PRODUCT_BUNDLE_IDENTIFIER = "com.stefanceriu.${PRODUCT_NAME:rfc1034identifier}";
				PRODUCT_NAME = "$(TARGET_NAME)";
				TARGETED_DEVICE_FAMILY = "1,2";
				WRAPPER_EXTENSION = app;
			};
			name = Debug;
		};
		187E415718A968E0003D8C70 /* Release */ = {
			isa = XCBuildConfiguration;
			baseConfigurationReference = 2A05B8BF4CD709715791CFDE /* Pods-ObjCDemo.release.xcconfig */;
			buildSettings = {
				ASSETCATALOG_COMPILER_APPICON_NAME = AppIcon;
				ASSETCATALOG_COMPILER_LAUNCHIMAGE_NAME = LaunchImage;
				CLANG_WARN_DEPRECATED_OBJC_IMPLEMENTATIONS = YES;
				CLANG_WARN_DOCUMENTATION_COMMENTS = YES;
				CLANG_WARN_IMPLICIT_SIGN_CONVERSION = NO;
				CLANG_WARN_OBJC_IMPLICIT_ATOMIC_PROPERTIES = YES;
				CLANG_WARN_OBJC_MISSING_PROPERTY_SYNTHESIS = NO;
				CLANG_WARN_SUSPICIOUS_IMPLICIT_CONVERSION = NO;
				CLANG_WARN_UNREACHABLE_CODE = YES;
				GCC_PRECOMPILE_PREFIX_HEADER = NO;
				GCC_PREFIX_HEADER = "";
				GCC_TREAT_IMPLICIT_FUNCTION_DECLARATIONS_AS_ERRORS = YES;
				GCC_TREAT_INCOMPATIBLE_POINTER_TYPE_WARNINGS_AS_ERRORS = NO;
				GCC_WARN_ABOUT_MISSING_FIELD_INITIALIZERS = YES;
				GCC_WARN_ABOUT_MISSING_NEWLINE = YES;
				GCC_WARN_ABOUT_MISSING_PROTOTYPES = YES;
				GCC_WARN_FOUR_CHARACTER_CONSTANTS = YES;
				GCC_WARN_INITIALIZER_NOT_FULLY_BRACKETED = YES;
				GCC_WARN_MULTIPLE_DEFINITION_TYPES_FOR_SELECTOR = YES;
				GCC_WARN_SHADOW = YES;
				GCC_WARN_STRICT_SELECTOR_MATCH = YES;
				GCC_WARN_UNKNOWN_PRAGMAS = YES;
				HEADER_SEARCH_PATHS = "$(inherited)";
				INFOPLIST_FILE = "ObjCDemo/SCPageViewController-Info.plist";
				IPHONEOS_DEPLOYMENT_TARGET = 8.0;
				PRODUCT_BUNDLE_IDENTIFIER = "com.stefanceriu.${PRODUCT_NAME:rfc1034identifier}";
				PRODUCT_NAME = "$(TARGET_NAME)";
				TARGETED_DEVICE_FAMILY = "1,2";
				WRAPPER_EXTENSION = app;
			};
			name = Release;
		};
		18AB9F131BCE2C460049BF9F /* Debug */ = {
			isa = XCBuildConfiguration;
			baseConfigurationReference = 178E2EF528419ADD8E0C7C0F /* Pods-SwiftDemo.debug.xcconfig */;
			buildSettings = {
				ASSETCATALOG_COMPILER_APPICON_NAME = AppIcon;
				CLANG_ENABLE_MODULES = YES;
				CLANG_WARN_UNREACHABLE_CODE = YES;
				DEBUG_INFORMATION_FORMAT = dwarf;
				ENABLE_STRICT_OBJC_MSGSEND = YES;
				ENABLE_TESTABILITY = YES;
				GCC_NO_COMMON_BLOCKS = YES;
				GCC_WARN_UNINITIALIZED_AUTOS = YES_AGGRESSIVE;
				HEADER_SEARCH_PATHS = "$(inherited)";
				INFOPLIST_FILE = "SwiftDemo/Supporting Files/Info.plist";
				IPHONEOS_DEPLOYMENT_TARGET = 9.0;
				LD_RUNPATH_SEARCH_PATHS = "$(inherited) @executable_path/Frameworks";
				MTL_ENABLE_DEBUG_INFO = YES;
				PRODUCT_BUNDLE_IDENTIFIER = com.stefanceriu.SwiftDemo;
				PRODUCT_NAME = "$(TARGET_NAME)";
				SWIFT_OBJC_BRIDGING_HEADER = "SwiftDemo/SwiftDemo-Bridging-Header.h";
				SWIFT_OPTIMIZATION_LEVEL = "-Onone";
				SWIFT_VERSION = 3.0;
				TARGETED_DEVICE_FAMILY = "1,2";
			};
			name = Debug;
		};
		18AB9F141BCE2C460049BF9F /* Release */ = {
			isa = XCBuildConfiguration;
			baseConfigurationReference = 09819ACCCE4DE4FCEDC4C587 /* Pods-SwiftDemo.release.xcconfig */;
			buildSettings = {
				ASSETCATALOG_COMPILER_APPICON_NAME = AppIcon;
				CLANG_ENABLE_MODULES = YES;
				CLANG_WARN_UNREACHABLE_CODE = YES;
				COPY_PHASE_STRIP = NO;
				DEBUG_INFORMATION_FORMAT = "dwarf-with-dsym";
				ENABLE_STRICT_OBJC_MSGSEND = YES;
				GCC_NO_COMMON_BLOCKS = YES;
				GCC_WARN_UNINITIALIZED_AUTOS = YES_AGGRESSIVE;
				HEADER_SEARCH_PATHS = "$(inherited)";
				INFOPLIST_FILE = "SwiftDemo/Supporting Files/Info.plist";
				IPHONEOS_DEPLOYMENT_TARGET = 9.0;
				LD_RUNPATH_SEARCH_PATHS = "$(inherited) @executable_path/Frameworks";
				MTL_ENABLE_DEBUG_INFO = NO;
				PRODUCT_BUNDLE_IDENTIFIER = com.stefanceriu.SwiftDemo;
				PRODUCT_NAME = "$(TARGET_NAME)";
				SWIFT_OBJC_BRIDGING_HEADER = "SwiftDemo/SwiftDemo-Bridging-Header.h";
				SWIFT_VERSION = 3.0;
				TARGETED_DEVICE_FAMILY = "1,2";
			};
			name = Release;
		};
/* End XCBuildConfiguration section */

/* Begin XCConfigurationList section */
		181957AD1B37432800474C45 /* Build configuration list for PBXNativeTarget "Tests" */ = {
			isa = XCConfigurationList;
			buildConfigurations = (
				181957AE1B37432800474C45 /* Debug */,
				181957AF1B37432800474C45 /* Release */,
			);
			defaultConfigurationIsVisible = 0;
			defaultConfigurationName = Release;
		};
		187E411E18A968E0003D8C70 /* Build configuration list for PBXProject "SCPageViewController" */ = {
			isa = XCConfigurationList;
			buildConfigurations = (
				187E415318A968E0003D8C70 /* Debug */,
				187E415418A968E0003D8C70 /* Release */,
			);
			defaultConfigurationIsVisible = 0;
			defaultConfigurationName = Release;
		};
		187E415518A968E0003D8C70 /* Build configuration list for PBXNativeTarget "ObjCDemo" */ = {
			isa = XCConfigurationList;
			buildConfigurations = (
				187E415618A968E0003D8C70 /* Debug */,
				187E415718A968E0003D8C70 /* Release */,
			);
			defaultConfigurationIsVisible = 0;
			defaultConfigurationName = Release;
		};
		18AB9F151BCE2C460049BF9F /* Build configuration list for PBXNativeTarget "SwiftDemo" */ = {
			isa = XCConfigurationList;
			buildConfigurations = (
				18AB9F131BCE2C460049BF9F /* Debug */,
				18AB9F141BCE2C460049BF9F /* Release */,
			);
			defaultConfigurationIsVisible = 0;
			defaultConfigurationName = Release;
		};
/* End XCConfigurationList section */
	};
	rootObject = 187E411B18A968E0003D8C70 /* Project object */;
}
